{
  "name": "4obj-value",
  "version": "1.0.0",
  "lockfileVersion": 1,
  "requires": true,
  "dependencies": {
    "acorn": {
      "version": "5.7.3",
      "resolved": "https://npm.cume.cc:443/acorn/-/acorn-5.7.3.tgz",
      "integrity": "sha1-Z6ojG/iBKXS4UjWpZ3Hra9B+onk=",
      "dev": true
    },
    "acorn-es7-plugin": {
      "version": "1.1.7",
      "resolved": "https://npm.cume.cc:443/acorn-es7-plugin/-/acorn-es7-plugin-1.1.7.tgz",
      "integrity": "sha1-8u4fMiipDurRJF+asZIusucdM2s=",
      "dev": true
    },
    "array-filter": {
      "version": "1.0.0",
      "resolved": "https://npm.cume.cc:443/array-filter/-/array-filter-1.0.0.tgz",
      "integrity": "sha1-uveeYubvTCpMC4MSMtr/7CUfnYM=",
      "dev": true
    },
    "call-signature": {
      "version": "0.0.2",
      "resolved": "https://npm.cume.cc:443/call-signature/-/call-signature-0.0.2.tgz",
      "integrity": "sha1-qEq8glpV70yysCi9dOIFpluaSZY=",
      "dev": true
    },
    "core-js": {
      "version": "2.6.5",
      "resolved": "https://npm.cume.cc:443/core-js/-/core-js-2.6.5.tgz",
      "integrity": "sha1-RLyNJJ5/sv9dAOA0Gn/7lPv2eJU=",
      "dev": true
    },
    "define-properties": {
      "version": "1.1.3",
      "resolved": "https://npm.cume.cc:443/define-properties/-/define-properties-1.1.3.tgz",
      "integrity": "sha1-z4jabL7ib+bbcJT2HYcMvYTO6fE=",
      "dev": true,
      "requires": {
        "object-keys": "^1.0.12"
      }
    },
    "diff-match-patch": {
      "version": "1.0.4",
      "resolved": "https://npm.cume.cc:443/diff-match-patch/-/diff-match-patch-1.0.4.tgz",
      "integrity": "sha1-asS1UjdGN2HE2vDcYD64aRJHRLE=",
      "dev": true
    },
    "eastasianwidth": {
      "version": "0.2.0",
      "resolved": "https://npm.cume.cc:443/eastasianwidth/-/eastasianwidth-0.2.0.tgz",
      "integrity": "sha1-aWzi7Aqg5uqTo5f/zySqeEDIJ8s=",
      "dev": true
    },
    "empower": {
      "version": "1.3.1",
      "resolved": "https://npm.cume.cc:443/empower/-/empower-1.3.1.tgz",
      "integrity": "sha1-dol5y7s21x2PXtqrZj3qy52rkWw=",
      "dev": true,
      "requires": {
        "core-js": "^2.0.0",
        "empower-core": "^1.2.0"
      }
    },
    "empower-core": {
      "version": "1.2.0",
      "resolved": "https://npm.cume.cc:443/empower-core/-/empower-core-1.2.0.tgz",
      "integrity": "sha1-zj+ySE1Rh/opwj+6g0Swsv31YBw=",
      "dev": true,
      "requires": {
        "call-signature": "0.0.2",
        "core-js": "^2.0.0"
      }
    },
    "espurify": {
      "version": "1.8.1",
      "resolved": "https://npm.cume.cc:443/espurify/-/espurify-1.8.1.tgz",
      "integrity": "sha1-V0bGwatC0wLeEL0dW/fw6MBRUFY=",
      "dev": true,
      "requires": {
        "core-js": "^2.0.0"
      }
    },
    "estraverse": {
      "version": "4.2.0",
      "resolved": "https://npm.cume.cc:443/estraverse/-/estraverse-4.2.0.tgz",
      "integrity": "sha1-De4/7TH81GlhjOc0IJn8GvoL2xM=",
      "dev": true
    },
    "indexof": {
      "version": "0.0.1",
      "resolved": "https://npm.cume.cc:443/indexof/-/indexof-0.0.1.tgz",
      "integrity": "sha1-gtwzbSMrkGIXnQWrMpOmYFn9Q10=",
      "dev": true
    },
    "object-keys": {
      "version": "1.1.1",
      "resolved": "https://npm.cume.cc:443/object-keys/-/object-keys-1.1.1.tgz",
      "integrity": "sha1-HEfyct8nfzsdrwYWd9nILiMixg4=",
      "dev": true
    },
    "power-assert": {
      "version": "1.6.1",
      "resolved": "https://npm.cume.cc:443/power-assert/-/power-assert-1.6.1.tgz",
      "integrity": "sha1-soy8Aq6Aiv0UMdDNUJOjmsWlsf4=",
      "dev": true,
      "requires": {
        "define-properties": "^1.1.2",
        "empower": "^1.3.1",
        "power-assert-formatter": "^1.4.1",
        "universal-deep-strict-equal": "^1.2.1",
        "xtend": "^4.0.0"
      }
    },
    "power-assert-context-formatter": {
      "version": "1.2.0",
      "resolved": "https://npm.cume.cc:443/power-assert-context-formatter/-/power-assert-context-formatter-1.2.0.tgz",
      "integrity": "sha1-j75yaSKI7FpyA83yFci4OKYGHSo=",
      "dev": true,
      "requires": {
        "core-js": "^2.0.0",
        "power-assert-context-traversal": "^1.2.0"
      }
    },
    "power-assert-context-reducer-ast": {
      "version": "1.2.0",
      "resolved": "https://npm.cume.cc:443/power-assert-context-reducer-ast/-/power-assert-context-reducer-ast-1.2.0.tgz",
      "integrity": "sha1-x8ocnjmm+3F/esX+nnbhkr9SXfM=",
      "dev": true,
      "requires": {
        "acorn": "^5.0.0",
        "acorn-es7-plugin": "^1.0.12",
        "core-js": "^2.0.0",
        "espurify": "^1.6.0",
        "estraverse": "^4.2.0"
      }
    },
    "power-assert-context-traversal": {
      "version": "1.2.0",
      "resolved": "https://npm.cume.cc:443/power-assert-context-traversal/-/power-assert-context-traversal-1.2.0.tgz",
      "integrity": "sha1-9ucUVLr2QN5cHJwnA0n1yasLLpQ=",
      "dev": true,
      "requires": {
        "core-js": "^2.0.0",
        "estraverse": "^4.1.0"
      }
    },
    "power-assert-formatter": {
      "version": "1.4.1",
      "resolved": "https://npm.cume.cc:443/power-assert-formatter/-/power-assert-formatter-1.4.1.tgz",
      "integrity": "sha1-XcEl7VCj37HdomwZNH879Y7CiEo=",
      "dev": true,
      "requires": {
        "core-js": "^2.0.0",
        "power-assert-context-formatter": "^1.0.7",
        "power-assert-context-reducer-ast": "^1.0.7",
        "power-assert-renderer-assertion": "^1.0.7",
        "power-assert-renderer-comparison": "^1.0.7",
        "power-assert-renderer-diagram": "^1.0.7",
        "power-assert-renderer-file": "^1.0.7"
      }
    },
    "power-assert-renderer-assertion": {
      "version": "1.2.0",
      "resolved": "https://npm.cume.cc:443/power-assert-renderer-assertion/-/power-assert-renderer-assertion-1.2.0.tgz",
      "integrity": "sha1-Pbb/zaEGs3vB4GQyrQ10imgrFHo=",
      "dev": true,
      "requires": {
        "power-assert-renderer-base": "^1.1.1",
        "power-assert-util-string-width": "^1.2.0"
      }
    },
    "power-assert-renderer-base": {
      "version": "1.1.1",
      "resolved": "https://npm.cume.cc:443/power-assert-renderer-base/-/power-assert-renderer-base-1.1.1.tgz",
      "integrity": "sha1-lqZQxv0F7hvB9mtUrWFELIs/Y+s=",
      "dev": true
    },
    "power-assert-renderer-comparison": {
      "version": "1.2.0",
      "resolved": "https://npm.cume.cc:443/power-assert-renderer-comparison/-/power-assert-renderer-comparison-1.2.0.tgz",
      "integrity": "sha1-5PiBEyJaab6KpYbq0FrvmUYsBJU=",
      "dev": true,
      "requires": {
        "core-js": "^2.0.0",
        "diff-match-patch": "^1.0.0",
        "power-assert-renderer-base": "^1.1.1",
        "stringifier": "^1.3.0",
        "type-name": "^2.0.1"
      }
    },
    "power-assert-renderer-diagram": {
      "version": "1.2.0",
      "resolved": "https://npm.cume.cc:443/power-assert-renderer-diagram/-/power-assert-renderer-diagram-1.2.0.tgz",
      "integrity": "sha1-N/ZuhULlZ3xbWObXKwHA2aMOIhk=",
      "dev": true,
      "requires": {
        "core-js": "^2.0.0",
        "power-assert-renderer-base": "^1.1.1",
        "power-assert-util-string-width": "^1.2.0",
        "stringifier": "^1.3.0"
      }
    },
    "power-assert-renderer-file": {
      "version": "1.2.0",
      "resolved": "https://npm.cume.cc:443/power-assert-renderer-file/-/power-assert-renderer-file-1.2.0.tgz",
      "integrity": "sha1-P0vr2eFFXXXPKsVB57tRWofUzks=",
      "dev": true,
      "requires": {
        "power-assert-renderer-base": "^1.1.1"
      }
    },
    "power-assert-util-string-width": {
      "version": "1.2.0",
      "resolved": "https://npm.cume.cc:443/power-assert-util-string-width/-/power-assert-util-string-width-1.2.0.tgz",
      "integrity": "sha1-bgbV41gbuHbF03fFMQn/+pW9kaA=",
      "dev": true,
      "requires": {
        "eastasianwidth": "^0.2.0"
      }
    },
    "stringifier": {
      "version": "1.4.0",
      "resolved": "https://npm.cume.cc:443/stringifier/-/stringifier-1.4.0.tgz",
      "integrity": "sha1-1wRYFWf0UmJl0A7Y7LNUoCw/7Cg=",
      "dev": true,
      "requires": {
        "core-js": "^2.0.0",
        "traverse": "^0.6.6",
        "type-name": "^2.0.1"
      }
    },
    "traverse": {
      "version": "0.6.6",
      "resolved": "https://npm.cume.cc:443/traverse/-/traverse-0.6.6.tgz",
      "integrity": "sha1-y99WD9e5r2MlAv7UD5GMFX6pcTc=",
      "dev": true
    },
    "type-name": {
      "version": "2.0.2",
      "resolved": "https://npm.cume.cc:443/type-name/-/type-name-2.0.2.tgz",
      "integrity": "sha1-7+fUEj2KxSr/9/QMfk3sUmYAj7Q=",
      "dev": true
    },
    "universal-deep-strict-equal": {
      "version": "1.2.2",
      "resolved": "https://npm.cume.cc:443/universal-deep-strict-equal/-/universal-deep-strict-equal-1.2.2.tgz",
      "integrity": "sha1-DaSsL3PP95JMgfpN4BjKViyisKc=",
      "dev": true,
      "requires": {
        "array-filter": "^1.0.0",
        "indexof": "0.0.1",
        "object-keys": "^1.0.0"
      }
    },
    "xtend": {
      "version": "4.0.1",
      "resolved": "https://npm.cume.cc:443/xtend/-/xtend-4.0.1.tgz",
      "integrity": "sha1-pcbVMr5lbiPbgg77lDofBJmNY68=",
      "dev": true
    }
  }
}
